
Microsoft Visual Studio Solution File, Format Version 12.00
# Visual Studio 15
VisualStudioVersion = 15.0.28010.2041
MinimumVisualStudioVersion = 10.0.40219.1
Project("{FAE04EC0-301F-11D3-BF4B-00C04F79EFBC}") = "WebAPIPaises", "WebAPIPaises\WebAPIPaises.csproj", "{48C0D440-229A-4429-8195-EC25C8B36204}"
EndProject
Global
	GlobalSection(SolutionConfigurationPlatforms) = preSolution
		Debug|Any CPU = Debug|Any CPU
		Release|Any CPU = Release|Any CPU
	EndGlobalSection
	GlobalSection(ProjectConfigurationPlatforms) = postSolution
		{48C0D440-229A-4429-8195-EC25C8B36204}.Debug|Any CPU.ActiveCfg = Debug|Any CPU
		{48C0D440-229A-4429-8195-EC25C8B36204}.Debug|Any CPU.Build.0 = Debug|Any CPU
		{48C0D440-229A-4429-8195-EC25C8B36204}.Release|Any CPU.ActiveCfg = Release|Any CPU
		{48C0D440-229A-4429-8195-EC25C8B36204}.Release|Any CPU.Build.0 = Release|Any CPU
	EndGlobalSection
	GlobalSection(SolutionProperties) = preSolution
		HideSolutionNode = FALSE
	EndGlobalSection
	GlobalSection(ExtensibilityGlobals) = postSolution
		SolutionGuid = {A25A52C1-219E-46C3-B08D-2E26CB6F7F72}
	EndGlobalSection
EndGlobal
